// !$*UTF8*$!
{
	archiveVersion = 1;
	classes = {
	};
	objectVersion = 56;
	objects = {

/* Begin PBXBuildFile section */
		001E3C882A886D0E004AD5DE /* Secrets.swift in Sources */ = {isa = PBXBuildFile; fileRef = 001E3C872A886D0E004AD5DE /* Secrets.swift */; };
		001E3C8A2A886D7E004AD5DE /* Business.swift in Sources */ = {isa = PBXBuildFile; fileRef = 001E3C892A886D7E004AD5DE /* Business.swift */; };
		001E3C8C2A886DCB004AD5DE /* YLPClient.swift in Sources */ = {isa = PBXBuildFile; fileRef = 001E3C8B2A886DCB004AD5DE /* YLPClient.swift */; };
		001E3C8E2A887891004AD5DE /* CardView.swift in Sources */ = {isa = PBXBuildFile; fileRef = 001E3C8D2A887891004AD5DE /* CardView.swift */; };
		001E3C952A89B57F004AD5DE /* SDWebImageSwiftUI in Frameworks */ = {isa = PBXBuildFile; productRef = 001E3C942A89B57F004AD5DE /* SDWebImageSwiftUI */; };
		001E3C972A92F8F8004AD5DE /* LocationManager.swift in Sources */ = {isa = PBXBuildFile; fileRef = 001E3C962A92F8F8004AD5DE /* LocationManager.swift */; };
		00A0F7CB2A8037B400B7A16A /* PlacemetApp.swift in Sources */ = {isa = PBXBuildFile; fileRef = 00A0F7CA2A8037B400B7A16A /* PlacemetApp.swift */; };
		00A0F7CD2A8037B400B7A16A /* ContentView.swift in Sources */ = {isa = PBXBuildFile; fileRef = 00A0F7CC2A8037B400B7A16A /* ContentView.swift */; };
		00A0F7CF2A8037B600B7A16A /* Assets.xcassets in Resources */ = {isa = PBXBuildFile; fileRef = 00A0F7CE2A8037B600B7A16A /* Assets.xcassets */; };
		00A0F7D22A8037B600B7A16A /* Preview Assets.xcassets in Resources */ = {isa = PBXBuildFile; fileRef = 00A0F7D12A8037B600B7A16A /* Preview Assets.xcassets */; };
		00A0F7D42A8037B600B7A16A /* Persistence.swift in Sources */ = {isa = PBXBuildFile; fileRef = 00A0F7D32A8037B600B7A16A /* Persistence.swift */; };
		00A0F7D72A8037B600B7A16A /* Placemet.xcdatamodeld in Sources */ = {isa = PBXBuildFile; fileRef = 00A0F7D52A8037B600B7A16A /* Placemet.xcdatamodeld */; };
		00A0F7DF2A803ADA00B7A16A /* CardStack in Frameworks */ = {isa = PBXBuildFile; productRef = 00A0F7DE2A803ADA00B7A16A /* CardStack */; };
/* End PBXBuildFile section */

/* Begin PBXFileReference section */
		001E3C872A886D0E004AD5DE /* Secrets.swift */ = {isa = PBXFileReference; lastKnownFileType = sourcecode.swift; path = Secrets.swift; sourceTree = "<group>"; };
		001E3C892A886D7E004AD5DE /* Business.swift */ = {isa = PBXFileReference; lastKnownFileType = sourcecode.swift; path = Business.swift; sourceTree = "<group>"; };
		001E3C8B2A886DCB004AD5DE /* YLPClient.swift */ = {isa = PBXFileReference; lastKnownFileType = sourcecode.swift; path = YLPClient.swift; sourceTree = "<group>"; };
		001E3C8D2A887891004AD5DE /* CardView.swift */ = {isa = PBXFileReference; lastKnownFileType = sourcecode.swift; path = CardView.swift; sourceTree = "<group>"; };
		001E3C962A92F8F8004AD5DE /* LocationManager.swift */ = {isa = PBXFileReference; lastKnownFileType = sourcecode.swift; path = LocationManager.swift; sourceTree = "<group>"; };
		00A0F7C72A8037B400B7A16A /* Placemet.app */ = {isa = PBXFileReference; explicitFileType = wrapper.application; includeInIndex = 0; path = Placemet.app; sourceTree = BUILT_PRODUCTS_DIR; };
		00A0F7CA2A8037B400B7A16A /* PlacemetApp.swift */ = {isa = PBXFileReference; lastKnownFileType = sourcecode.swift; path = PlacemetApp.swift; sourceTree = "<group>"; };
		00A0F7CC2A8037B400B7A16A /* ContentView.swift */ = {isa = PBXFileReference; lastKnownFileType = sourcecode.swift; path = ContentView.swift; sourceTree = "<group>"; };
		00A0F7CE2A8037B600B7A16A /* Assets.xcassets */ = {isa = PBXFileReference; lastKnownFileType = folder.assetcatalog; path = Assets.xcassets; sourceTree = "<group>"; };
		00A0F7D12A8037B600B7A16A /* Preview Assets.xcassets */ = {isa = PBXFileReference; lastKnownFileType = folder.assetcatalog; path = "Preview Assets.xcassets"; sourceTree = "<group>"; };
		00A0F7D32A8037B600B7A16A /* Persistence.swift */ = {isa = PBXFileReference; lastKnownFileType = sourcecode.swift; path = Persistence.swift; sourceTree = "<group>"; };
		00A0F7D62A8037B600B7A16A /* Placemet.xcdatamodel */ = {isa = PBXFileReference; lastKnownFileType = wrapper.xcdatamodel; path = Placemet.xcdatamodel; sourceTree = "<group>"; };
/* End PBXFileReference section */

/* Begin PBXFrameworksBuildPhase section */
		00A0F7C42A8037B400B7A16A /* Frameworks */ = {
			isa = PBXFrameworksBuildPhase;
			buildActionMask = 2147483647;
			files = (
				001E3C952A89B57F004AD5DE /* SDWebImageSwiftUI in Frameworks */,
				00A0F7DF2A803ADA00B7A16A /* CardStack in Frameworks */,
			);
			runOnlyForDeploymentPostprocessing = 0;
		};
/* End PBXFrameworksBuildPhase section */

/* Begin PBXGroup section */
		00A0F7BE2A8037B400B7A16A = {
			isa = PBXGroup;
			children = (
				00A0F7C92A8037B400B7A16A /* Placemet */,
				00A0F7C82A8037B400B7A16A /* Products */,
			);
			sourceTree = "<group>";
		};
		00A0F7C82A8037B400B7A16A /* Products */ = {
			isa = PBXGroup;
			children = (
				00A0F7C72A8037B400B7A16A /* Placemet.app */,
			);
			name = Products;
			sourceTree = "<group>";
		};
		00A0F7C92A8037B400B7A16A /* Placemet */ = {
			isa = PBXGroup;
			children = (
				00A0F7CA2A8037B400B7A16A /* PlacemetApp.swift */,
				00A0F7CC2A8037B400B7A16A /* ContentView.swift */,
				00A0F7CE2A8037B600B7A16A /* Assets.xcassets */,
				00A0F7D32A8037B600B7A16A /* Persistence.swift */,
				00A0F7D52A8037B600B7A16A /* Placemet.xcdatamodeld */,
				00A0F7D02A8037B600B7A16A /* Preview Content */,
				001E3C872A886D0E004AD5DE /* Secrets.swift */,
				001E3C892A886D7E004AD5DE /* Business.swift */,
				001E3C8B2A886DCB004AD5DE /* YLPClient.swift */,
				001E3C8D2A887891004AD5DE /* CardView.swift */,
				001E3C962A92F8F8004AD5DE /* LocationManager.swift */,
			);
			path = Placemet;
			sourceTree = "<group>";
		};
		00A0F7D02A8037B600B7A16A /* Preview Content */ = {
			isa = PBXGroup;
			children = (
				00A0F7D12A8037B600B7A16A /* Preview Assets.xcassets */,
			);
			path = "Preview Content";
			sourceTree = "<group>";
		};
/* End PBXGroup section */

/* Begin PBXNativeTarget section */
		00A0F7C62A8037B400B7A16A /* Placemet */ = {
			isa = PBXNativeTarget;
			buildConfigurationList = 00A0F7DA2A8037B600B7A16A /* Build configuration list for PBXNativeTarget "Placemet" */;
			buildPhases = (
				00A0F7C32A8037B400B7A16A /* Sources */,
				00A0F7C42A8037B400B7A16A /* Frameworks */,
				00A0F7C52A8037B400B7A16A /* Resources */,
			);
			buildRules = (
			);
			dependencies = (
			);
			name = Placemet;
			packageProductDependencies = (
				00A0F7DE2A803ADA00B7A16A /* CardStack */,
				001E3C942A89B57F004AD5DE /* SDWebImageSwiftUI */,
			);
			productName = Placemet;
			productReference = 00A0F7C72A8037B400B7A16A /* Placemet.app */;
			productType = "com.apple.product-type.application";
		};
/* End PBXNativeTarget section */

/* Begin PBXProject section */
		00A0F7BF2A8037B400B7A16A /* Project object */ = {
			isa = PBXProject;
			attributes = {
				BuildIndependentTargetsInParallel = 1;
				LastSwiftUpdateCheck = 1430;
				LastUpgradeCheck = 1430;
				TargetAttributes = {
					00A0F7C62A8037B400B7A16A = {
						CreatedOnToolsVersion = 14.3.1;
					};
				};
			};
			buildConfigurationList = 00A0F7C22A8037B400B7A16A /* Build configuration list for PBXProject "Placemet" */;
			compatibilityVersion = "Xcode 14.0";
			developmentRegion = en;
			hasScannedForEncodings = 0;
			knownRegions = (
				en,
				Base,
			);
			mainGroup = 00A0F7BE2A8037B400B7A16A;
			packageReferences = (
				00A0F7DD2A803ADA00B7A16A /* XCRemoteSwiftPackageReference "SwiftUI-CardStackView" */,
				001E3C932A89B57F004AD5DE /* XCRemoteSwiftPackageReference "SDWebImageSwiftUI" */,
			);
			productRefGroup = 00A0F7C82A8037B400B7A16A /* Products */;
			projectDirPath = "";
			projectRoot = "";
			targets = (
				00A0F7C62A8037B400B7A16A /* Placemet */,
			);
		};
/* End PBXProject section */

/* Begin PBXResourcesBuildPhase section */
		00A0F7C52A8037B400B7A16A /* Resources */ = {
			isa = PBXResourcesBuildPhase;
			buildActionMask = 2147483647;
			files = (
				00A0F7D22A8037B600B7A16A /* Preview Assets.xcassets in Resources */,
				00A0F7CF2A8037B600B7A16A /* Assets.xcassets in Resources */,
			);
			runOnlyForDeploymentPostprocessing = 0;
		};
/* End PBXResourcesBuildPhase section */

/* Begin PBXSourcesBuildPhase section */
		00A0F7C32A8037B400B7A16A /* Sources */ = {
			isa = PBXSourcesBuildPhase;
			buildActionMask = 2147483647;
			files = (
				001E3C8C2A886DCB004AD5DE /* YLPClient.swift in Sources */,
				00A0F7D72A8037B600B7A16A /* Placemet.xcdatamodeld in Sources */,
				001E3C882A886D0E004AD5DE /* Secrets.swift in Sources */,
				00A0F7D42A8037B600B7A16A /* Persistence.swift in Sources */,
				001E3C8A2A886D7E004AD5DE /* Business.swift in Sources */,
				00A0F7CD2A8037B400B7A16A /* ContentView.swift in Sources */,
				001E3C8E2A887891004AD5DE /* CardView.swift in Sources */,
				00A0F7CB2A8037B400B7A16A /* PlacemetApp.swift in Sources */,
				001E3C972A92F8F8004AD5DE /* LocationManager.swift in Sources */,
			);
			runOnlyForDeploymentPostprocessing = 0;
		};
/* End PBXSourcesBuildPhase section */

/* Begin XCBuildConfiguration section */
		00A0F7D82A8037B600B7A16A /* Debug */ = {
			isa = XCBuildConfiguration;
			buildSettings = {
				ALWAYS_SEARCH_USER_PATHS = NO;
				CLANG_ANALYZER_NONNULL = YES;
				CLANG_ANALYZER_NUMBER_OBJECT_CONVERSION = YES_AGGRESSIVE;
				CLANG_CXX_LANGUAGE_STANDARD = "gnu++20";
				CLANG_ENABLE_MODULES = YES;
				CLANG_ENABLE_OBJC_ARC = YES;
				CLANG_ENABLE_OBJC_WEAK = YES;
				CLANG_WARN_BLOCK_CAPTURE_AUTORELEASING = YES;
				CLANG_WARN_BOOL_CONVERSION = YES;
				CLANG_WARN_COMMA = YES;
				CLANG_WARN_CONSTANT_CONVERSION = YES;
				CLANG_WARN_DEPRECATED_OBJC_IMPLEMENTATIONS = YES;
				CLANG_WARN_DIRECT_OBJC_ISA_USAGE = YES_ERROR;
				CLANG_WARN_DOCUMENTATION_COMMENTS = YES;
				CLANG_WARN_EMPTY_BODY = YES;
				CLANG_WARN_ENUM_CONVERSION = YES;
				CLANG_WARN_INFINITE_RECURSION = YES;
				CLANG_WARN_INT_CONVERSION = YES;
				CLANG_WARN_NON_LITERAL_NULL_CONVERSION = YES;
				CLANG_WARN_OBJC_IMPLICIT_RETAIN_SELF = YES;
				CLANG_WARN_OBJC_LITERAL_CONVERSION = YES;
				CLANG_WARN_OBJC_ROOT_CLASS = YES_ERROR;
				CLANG_WARN_QUOTED_INCLUDE_IN_FRAMEWORK_HEADER = YES;
				CLANG_WARN_RANGE_LOOP_ANALYSIS = YES;
				CLANG_WARN_STRICT_PROTOTYPES = YES;
				CLANG_WARN_SUSPICIOUS_MOVE = YES;
				CLANG_WARN_UNGUARDED_AVAILABILITY = YES_AGGRESSIVE;
				CLANG_WARN_UNREACHABLE_CODE = YES;
				CLANG_WARN__DUPLICATE_METHOD_MATCH = YES;
				COPY_PHASE_STRIP = NO;
				DEBUG_INFORMATION_FORMAT = dwarf;
				ENABLE_STRICT_OBJC_MSGSEND = YES;
				ENABLE_TESTABILITY = YES;
				GCC_C_LANGUAGE_STANDARD = gnu11;
				GCC_DYNAMIC_NO_PIC = NO;
				GCC_NO_COMMON_BLOCKS = YES;
				GCC_OPTIMIZATION_LEVEL = 0;
				GCC_PREPROCESSOR_DEFINITIONS = (
					"DEBUG=1",
					"$(inherited)",
				);
				GCC_WARN_64_TO_32_BIT_CONVERSION = YES;
				GCC_WARN_ABOUT_RETURN_TYPE = YES_ERROR;
				GCC_WARN_UNDECLARED_SELECTOR = YES;
				GCC_WARN_UNINITIALIZED_AUTOS = YES_AGGRESSIVE;
				GCC_WARN_UNUSED_FUNCTION = YES;
				GCC_WARN_UNUSED_VARIABLE = YES;
				IPHONEOS_DEPLOYMENT_TARGET = 16.4;
				MTL_ENABLE_DEBUG_INFO = INCLUDE_SOURCE;
				MTL_FAST_MATH = YES;
				ONLY_ACTIVE_ARCH = YES;
				SDKROOT = iphoneos;
				SWIFT_ACTIVE_COMPILATION_CONDITIONS = DEBUG;
				SWIFT_OPTIMIZATION_LEVEL = "-Onone";
			};
			name = Debug;
		};
		00A0F7D92A8037B600B7A16A /* Release */ = {
			isa = XCBuildConfiguration;
			buildSettings = {
				ALWAYS_SEARCH_USER_PATHS = NO;
				CLANG_ANALYZER_NONNULL = YES;
				CLANG_ANALYZER_NUMBER_OBJECT_CONVERSION = YES_AGGRESSIVE;
				CLANG_CXX_LANGUAGE_STANDARD = "gnu++20";
				CLANG_ENABLE_MODULES = YES;
				CLANG_ENABLE_OBJC_ARC = YES;
				CLANG_ENABLE_OBJC_WEAK = YES;
				CLANG_WARN_BLOCK_CAPTURE_AUTORELEASING = YES;
				CLANG_WARN_BOOL_CONVERSION = YES;
				CLANG_WARN_COMMA = YES;
				CLANG_WARN_CONSTANT_CONVERSION = YES;
				CLANG_WARN_DEPRECATED_OBJC_IMPLEMENTATIONS = YES;
				CLANG_WARN_DIRECT_OBJC_ISA_USAGE = YES_ERROR;
				CLANG_WARN_DOCUMENTATION_COMMENTS = YES;
				CLANG_WARN_EMPTY_BODY = YES;
				CLANG_WARN_ENUM_CONVERSION = YES;
				CLANG_WARN_INFINITE_RECURSION = YES;
				CLANG_WARN_INT_CONVERSION = YES;
				CLANG_WARN_NON_LITERAL_NULL_CONVERSION = YES;
				CLANG_WARN_OBJC_IMPLICIT_RETAIN_SELF = YES;
				CLANG_WARN_OBJC_LITERAL_CONVERSION = YES;
				CLANG_WARN_OBJC_ROOT_CLASS = YES_ERROR;
				CLANG_WARN_QUOTED_INCLUDE_IN_FRAMEWORK_HEADER = YES;
				CLANG_WARN_RANGE_LOOP_ANALYSIS = YES;
				CLANG_WARN_STRICT_PROTOTYPES = YES;
				CLANG_WARN_SUSPICIOUS_MOVE = YES;
				CLANG_WARN_UNGUARDED_AVAILABILITY = YES_AGGRESSIVE;
				CLANG_WARN_UNREACHABLE_CODE = YES;
				CLANG_WARN__DUPLICATE_METHOD_MATCH = YES;
				COPY_PHASE_STRIP = NO;
				DEBUG_INFORMATION_FORMAT = "dwarf-with-dsym";
				ENABLE_NS_ASSERTIONS = NO;
				ENABLE_STRICT_OBJC_MSGSEND = YES;
				GCC_C_LANGUAGE_STANDARD = gnu11;
				GCC_NO_COMMON_BLOCKS = YES;
				GCC_WARN_64_TO_32_BIT_CONVERSION = YES;
				GCC_WARN_ABOUT_RETURN_TYPE = YES_ERROR;
				GCC_WARN_UNDECLARED_SELECTOR = YES;
				GCC_WARN_UNINITIALIZED_AUTOS = YES_AGGRESSIVE;
				GCC_WARN_UNUSED_FUNCTION = YES;
				GCC_WARN_UNUSED_VARIABLE = YES;
				IPHONEOS_DEPLOYMENT_TARGET = 16.4;
				MTL_ENABLE_DEBUG_INFO = NO;
				MTL_FAST_MATH = YES;
				SDKROOT = iphoneos;
				SWIFT_COMPILATION_MODE = wholemodule;
				SWIFT_OPTIMIZATION_LEVEL = "-O";
				VALIDATE_PRODUCT = YES;
			};
			name = Release;
		};
		00A0F7DB2A8037B600B7A16A /* Debug */ = {
			isa = XCBuildConfiguration;
			buildSettings = {
				ASSETCATALOG_COMPILER_APPICON_NAME = AppIcon;
				ASSETCATALOG_COMPILER_GLOBAL_ACCENT_COLOR_NAME = AccentColor;
				CODE_SIGN_STYLE = Automatic;
				CURRENT_PROJECT_VERSION = 1;
				DEVELOPMENT_ASSET_PATHS = "\"Placemet/Preview Content\"";
				DEVELOPMENT_TEAM = 85Q84CPFAN;
				ENABLE_PREVIEWS = YES;
				GENERATE_INFOPLIST_FILE = YES;
				INFOPLIST_KEY_NSLocationWhenInUseUsageDescription = "PlaceMet uses your location to find places near you where you can meet people.";
				INFOPLIST_KEY_UIApplicationSceneManifest_Generation = YES;
				INFOPLIST_KEY_UIApplicationSupportsIndirectInputEvents = YES;
				INFOPLIST_KEY_UILaunchScreen_Generation = YES;
				INFOPLIST_KEY_UISupportedInterfaceOrientations_iPad = "UIInterfaceOrientationPortrait UIInterfaceOrientationPortraitUpsideDown UIInterfaceOrientationLandscapeLeft UIInterfaceOrientationLandscapeRight";
				INFOPLIST_KEY_UISupportedInterfaceOrientations_iPhone = "UIInterfaceOrientationPortrait UIInterfaceOrientationLandscapeLeft UIInterfaceOrientationLandscapeRight";
				LD_RUNPATH_SEARCH_PATHS = (
					"$(inherited)",
					"@executable_path/Frameworks",
				);
				MARKETING_VERSION = 1.0;
				PRODUCT_BUNDLE_IDENTIFIER = me.dejajackson.Placemet;
				PRODUCT_NAME = "$(TARGET_NAME)";
				SWIFT_EMIT_LOC_STRINGS = YES;
				SWIFT_VERSION = 5.0;
				TARGETED_DEVICE_FAMILY = "1,2";
			};
			name = Debug;
		};
		00A0F7DC2A8037B600B7A16A /* Release */ = {
			isa = XCBuildConfiguration;
			buildSettings = {
				ASSETCATALOG_COMPILER_APPICON_NAME = AppIcon;
				ASSETCATALOG_COMPILER_GLOBAL_ACCENT_COLOR_NAME = AccentColor;
				CODE_SIGN_STYLE = Automatic;
				CURRENT_PROJECT_VERSION = 1;
				DEVELOPMENT_ASSET_PATHS = "\"Placemet/Preview Content\"";
				DEVELOPMENT_TEAM = 85Q84CPFAN;
				ENABLE_PREVIEWS = YES;
				GENERATE_INFOPLIST_FILE = YES;
				INFOPLIST_KEY_NSLocationWhenInUseUsageDescription = "PlaceMet uses your location to find places near you where you can meet people.";
				INFOPLIST_KEY_UIApplicationSceneManifest_Generation = YES;
				INFOPLIST_KEY_UIApplicationSupportsIndirectInputEvents = YES;
				INFOPLIST_KEY_UILaunchScreen_Generation = YES;
				INFOPLIST_KEY_UISupportedInterfaceOrientations_iPad = "UIInterfaceOrientationPortrait UIInterfaceOrientationPortraitUpsideDown UIInterfaceOrientationLandscapeLeft UIInterfaceOrientationLandscapeRight";
				INFOPLIST_KEY_UISupportedInterfaceOrientations_iPhone = "UIInterfaceOrientationPortrait UIInterfaceOrientationLandscapeLeft UIInterfaceOrientationLandscapeRight";
				LD_RUNPATH_SEARCH_PATHS = (
					"$(inherited)",
					"@executable_path/Frameworks",
				);
				MARKETING_VERSION = 1.0;
				PRODUCT_BUNDLE_IDENTIFIER = me.dejajackson.Placemet;
				PRODUCT_NAME = "$(TARGET_NAME)";
				SWIFT_EMIT_LOC_STRINGS = YES;
				SWIFT_VERSION = 5.0;
				TARGETED_DEVICE_FAMILY = "1,2";
			};
			name = Release;
		};
/* End XCBuildConfiguration section */

/* Begin XCConfigurationList section */
		00A0F7C22A8037B400B7A16A /* Build configuration list for PBXProject "Placemet" */ = {
			isa = XCConfigurationList;
			buildConfigurations = (
				00A0F7D82A8037B600B7A16A /* Debug */,
				00A0F7D92A8037B600B7A16A /* Release */,
			);
			defaultConfigurationIsVisible = 0;
			defaultConfigurationName = Release;
		};
		00A0F7DA2A8037B600B7A16A /* Build configuration list for PBXNativeTarget "Placemet" */ = {
			isa = XCConfigurationList;
			buildConfigurations = (
				00A0F7DB2A8037B600B7A16A /* Debug */,
				00A0F7DC2A8037B600B7A16A /* Release */,
			);
			defaultConfigurationIsVisible = 0;
			defaultConfigurationName = Release;
		};
/* End XCConfigurationList section */

/* Begin XCRemoteSwiftPackageReference section */
		001E3C932A89B57F004AD5DE /* XCRemoteSwiftPackageReference "SDWebImageSwiftUI" */ = {
			isa = XCRemoteSwiftPackageReference;
			repositoryURL = "https://github.com/SDWebImage/SDWebImageSwiftUI.git";
			requirement = {
				kind = upToNextMajorVersion;
				minimumVersion = 2.0.0;
			};
		};
		00A0F7DD2A803ADA00B7A16A /* XCRemoteSwiftPackageReference "SwiftUI-CardStackView" */ = {
			isa = XCRemoteSwiftPackageReference;
			repositoryURL = "https://github.com/dadalar/SwiftUI-CardStackView.git";
			requirement = {
				kind = upToNextMajorVersion;
				minimumVersion = 0.0.6;
			};
		};
/* End XCRemoteSwiftPackageReference section */

/* Begin XCSwiftPackageProductDependency section */
		001E3C942A89B57F004AD5DE /* SDWebImageSwiftUI */ = {
			isa = XCSwiftPackageProductDependency;
			package = 001E3C932A89B57F004AD5DE /* XCRemoteSwiftPackageReference "SDWebImageSwiftUI" */;
			productName = SDWebImageSwiftUI;
		};
		00A0F7DE2A803ADA00B7A16A /* CardStack */ = {
			isa = XCSwiftPackageProductDependency;
			package = 00A0F7DD2A803ADA00B7A16A /* XCRemoteSwiftPackageReference "SwiftUI-CardStackView" */;
			productName = CardStack;
		};
/* End XCSwiftPackageProductDependency section */

/* Begin XCVersionGroup section */
		00A0F7D52A8037B600B7A16A /* Placemet.xcdatamodeld */ = {
			isa = XCVersionGroup;
			children = (
				00A0F7D62A8037B600B7A16A /* Placemet.xcdatamodel */,
			);
			currentVersion = 00A0F7D62A8037B600B7A16A /* Placemet.xcdatamodel */;
			path = Placemet.xcdatamodeld;
			sourceTree = "<group>";
			versionGroupType = wrapper.xcdatamodel;
		};
/* End XCVersionGroup section */
	};
	rootObject = 00A0F7BF2A8037B400B7A16A /* Project object */;
}
